
Microsoft Visual Studio Solution File, Format Version 12.00
# Visual Studio Version 17
VisualStudioVersion = 17.11.35327.3
MinimumVisualStudioVersion = 10.0.40219.1
Project("{9A19103F-16F7-4668-BE54-9A1E7A4F7556}") = "tests", "tests\tests.csproj", "{3FA190AA-9F13-4BCF-80B5-B81FB63BDFBB}"
EndProject
Project("{9A19103F-16F7-4668-BE54-9A1E7A4F7556}") = "VMExtensionsPlayground", "src\Extension\VMExtensionsPlayground.csproj", "{DBAAC5A0-855A-4843-BE8A-00558EBD6B68}"
EndProject
Global
	GlobalSection(SolutionConfigurationPlatforms) = preSolution
		Debug|Any CPU = Debug|Any CPU
		Release|Any CPU = Release|Any CPU
	EndGlobalSection
	GlobalSection(ProjectConfigurationPlatforms) = postSolution
		{3FA190AA-9F13-4BCF-80B5-B81FB63BDFBB}.Debug|Any CPU.ActiveCfg = Debug|Any CPU
		{3FA190AA-9F13-4BCF-80B5-B81FB63BDFBB}.Debug|Any CPU.Build.0 = Debug|Any CPU
		{3FA190AA-9F13-4BCF-80B5-B81FB63BDFBB}.Release|Any CPU.ActiveCfg = Release|Any CPU
		{3FA190AA-9F13-4BCF-80B5-B81FB63BDFBB}.Release|Any CPU.Build.0 = Release|Any CPU
		{DBAAC5A0-855A-4843-BE8A-00558EBD6B68}.Debug|Any CPU.ActiveCfg = Debug|Any CPU
		{DBAAC5A0-855A-4843-BE8A-00558EBD6B68}.Debug|Any CPU.Build.0 = Debug|Any CPU
		{DBAAC5A0-855A-4843-BE8A-00558EBD6B68}.Release|Any CPU.ActiveCfg = Release|Any CPU
		{DBAAC5A0-855A-4843-BE8A-00558EBD6B68}.Release|Any CPU.Build.0 = Release|Any CPU
	EndGlobalSection
	GlobalSection(SolutionProperties) = preSolution
		HideSolutionNode = FALSE
	EndGlobalSection
	GlobalSection(ExtensibilityGlobals) = postSolution
		SolutionGuid = {15875487-5225-4D8E-89DB-CB89081799CD}
	EndGlobalSection
EndGlobal
