
Microsoft Visual Studio Solution File, Format Version 12.00
# Visual Studio Version 17
VisualStudioVersion = 17.11.35327.3
MinimumVisualStudioVersion = 10.0.40219.1
Project("{FAE04EC0-301F-11D3-BF4B-00C04F79EFBC}") = "VMExtensionsPlayground", "VMExtensionsPlayground\VMExtensionsPlayground.csproj", "{ED7C95A8-BE0B-4DD8-A6BF-045332A56CC6}"
EndProject
Project("{FAE04EC0-301F-11D3-BF4B-00C04F79EFBC}") = "tests", "tests\tests.csproj", "{3FA190AA-9F13-4BCF-80B5-B81FB63BDFBB}"
EndProject
Global
	GlobalSection(SolutionConfigurationPlatforms) = preSolution
		Debug|Any CPU = Debug|Any CPU
		Release|Any CPU = Release|Any CPU
	EndGlobalSection
	GlobalSection(ProjectConfigurationPlatforms) = postSolution
		{ED7C95A8-BE0B-4DD8-A6BF-045332A56CC6}.Debug|Any CPU.ActiveCfg = Debug|Any CPU
		{ED7C95A8-BE0B-4DD8-A6BF-045332A56CC6}.Debug|Any CPU.Build.0 = Debug|Any CPU
		{ED7C95A8-BE0B-4DD8-A6BF-045332A56CC6}.Release|Any CPU.ActiveCfg = Release|Any CPU
		{ED7C95A8-BE0B-4DD8-A6BF-045332A56CC6}.Release|Any CPU.Build.0 = Release|Any CPU
		{3FA190AA-9F13-4BCF-80B5-B81FB63BDFBB}.Debug|Any CPU.ActiveCfg = Debug|Any CPU
		{3FA190AA-9F13-4BCF-80B5-B81FB63BDFBB}.Debug|Any CPU.Build.0 = Debug|Any CPU
		{3FA190AA-9F13-4BCF-80B5-B81FB63BDFBB}.Release|Any CPU.ActiveCfg = Release|Any CPU
		{3FA190AA-9F13-4BCF-80B5-B81FB63BDFBB}.Release|Any CPU.Build.0 = Release|Any CPU
	EndGlobalSection
	GlobalSection(SolutionProperties) = preSolution
		HideSolutionNode = FALSE
	EndGlobalSection
	GlobalSection(ExtensibilityGlobals) = postSolution
		SolutionGuid = {15875487-5225-4D8E-89DB-CB89081799CD}
	EndGlobalSection
EndGlobal
